{
  "name": "@umutyaldiz/hopejs",
  "version": "0.0.1",
  "lockfileVersion": 2,
  "requires": true,
  "packages": {
    "": {
      "name": "@umutyaldiz/hopejs",
      "version": "0.0.1",
      "license": "MIT",
      "devDependencies": {
        "blazy": "^1.8.2",
        "regenerator-runtime": "^0.13.9",
        "swiper": "^7.3.3"
      }
    },
    "node_modules/blazy": {
      "version": "1.8.2",
      "resolved": "https://registry.npmjs.org/blazy/-/blazy-1.8.2.tgz",
      "integrity": "sha1-UN/WOLqvkAPv1us6g2rKVBhKtto=",
      "dev": true
    },
    "node_modules/dom7": {
      "version": "4.0.2",
      "resolved": "https://registry.npmjs.org/dom7/-/dom7-4.0.2.tgz",
      "integrity": "sha512-Ji4t3Y/vNQg6Q9bR+Syx6Td8qiq8116LE9h4OzbPuxdxK7DyyX7i8EXkYgBX6+EiX6+oYXDTH5BSN29G/n4jug==",
      "dev": true,
      "dependencies": {
        "ssr-window": "^4.0.0"
      }
    },
    "node_modules/regenerator-runtime": {
      "version": "0.13.9",
      "resolved": "https://registry.npmjs.org/regenerator-runtime/-/regenerator-runtime-0.13.9.tgz",
      "integrity": "sha512-p3VT+cOEgxFsRRA9X4lkI1E+k2/CtnKtU4gcxyaCUreilL/vqI6CdZ3wxVUx3UOUg+gnUOQQcRI7BmSI656MYA==",
      "dev": true
    },
    "node_modules/ssr-window": {
      "version": "4.0.2",
      "resolved": "https://registry.npmjs.org/ssr-window/-/ssr-window-4.0.2.tgz",
      "integrity": "sha512-ISv/Ch+ig7SOtw7G2+qkwfVASzazUnvlDTwypdLoPoySv+6MqlOV10VwPSE6EWkGjhW50lUmghPmpYZXMu/+AQ==",
      "dev": true
    },
    "node_modules/swiper": {
      "version": "7.3.3",
      "resolved": "https://registry.npmjs.org/swiper/-/swiper-7.3.3.tgz",
      "integrity": "sha512-Y6kjNI3MhqkLPOf01AZwXMxULMeFDEavArDyVKbOlBLhz+h3hj4vIHwbDUwI0k5iVH7VYNE67jWLsQmoKjuaVA==",
      "dev": true,
      "funding": [
        {
          "type": "patreon",
          "url": "https://www.patreon.com/swiperjs"
        },
        {
          "type": "open_collective",
          "url": "http://opencollective.com/swiper"
        }
      ],
      "hasInstallScript": true,
      "dependencies": {
        "dom7": "^4.0.2",
        "ssr-window": "^4.0.2"
      },
      "engines": {
        "node": ">= 4.7.0"
      }
    }
  },
  "dependencies": {
    "blazy": {
      "version": "1.8.2",
      "resolved": "https://registry.npmjs.org/blazy/-/blazy-1.8.2.tgz",
      "integrity": "sha1-UN/WOLqvkAPv1us6g2rKVBhKtto=",
      "dev": true
    },
    "dom7": {
      "version": "4.0.2",
      "resolved": "https://registry.npmjs.org/dom7/-/dom7-4.0.2.tgz",
      "integrity": "sha512-Ji4t3Y/vNQg6Q9bR+Syx6Td8qiq8116LE9h4OzbPuxdxK7DyyX7i8EXkYgBX6+EiX6+oYXDTH5BSN29G/n4jug==",
      "dev": true,
      "requires": {
        "ssr-window": "^4.0.0"
      }
    },
    "regenerator-runtime": {
      "version": "0.13.9",
      "resolved": "https://registry.npmjs.org/regenerator-runtime/-/regenerator-runtime-0.13.9.tgz",
      "integrity": "sha512-p3VT+cOEgxFsRRA9X4lkI1E+k2/CtnKtU4gcxyaCUreilL/vqI6CdZ3wxVUx3UOUg+gnUOQQcRI7BmSI656MYA==",
      "dev": true
    },
    "ssr-window": {
      "version": "4.0.2",
      "resolved": "https://registry.npmjs.org/ssr-window/-/ssr-window-4.0.2.tgz",
      "integrity": "sha512-ISv/Ch+ig7SOtw7G2+qkwfVASzazUnvlDTwypdLoPoySv+6MqlOV10VwPSE6EWkGjhW50lUmghPmpYZXMu/+AQ==",
      "dev": true
    },
    "swiper": {
      "version": "7.3.3",
      "resolved": "https://registry.npmjs.org/swiper/-/swiper-7.3.3.tgz",
      "integrity": "sha512-Y6kjNI3MhqkLPOf01AZwXMxULMeFDEavArDyVKbOlBLhz+h3hj4vIHwbDUwI0k5iVH7VYNE67jWLsQmoKjuaVA==",
      "dev": true,
      "requires": {
        "dom7": "^4.0.2",
        "ssr-window": "^4.0.2"
      }
    }
  }
}
